
Microsoft Visual Studio Solution File, Format Version 12.00
# Visual Studio 2012
Project("{FAE04EC0-301F-11D3-BF4B-00C04F79EFBC}") = "Swarm", "Swarm\Swarm.csproj", "{B949F145-DAF2-4945-B62C-8EB76E1601AA}"
EndProject
Global
	GlobalSection(SolutionConfigurationPlatforms) = preSolution
		Debug|Any CPU = Debug|Any CPU
		Release|Any CPU = Release|Any CPU
	EndGlobalSection
	GlobalSection(ProjectConfigurationPlatforms) = postSolution
		{B949F145-DAF2-4945-B62C-8EB76E1601AA}.Debug|Any CPU.ActiveCfg = Debug|Any CPU
		{B949F145-DAF2-4945-B62C-8EB76E1601AA}.Debug|Any CPU.Build.0 = Debug|Any CPU
		{B949F145-DAF2-4945-B62C-8EB76E1601AA}.Release|Any CPU.ActiveCfg = Release|Any CPU
		{B949F145-DAF2-4945-B62C-8EB76E1601AA}.Release|Any CPU.Build.0 = Release|Any CPU
	EndGlobalSection
	GlobalSection(SolutionProperties) = preSolution
		HideSolutionNode = FALSE
	EndGlobalSection
EndGlobal
